
Microsoft Visual Studio Solution File, Format Version 12.00
# Visual Studio Version 17
VisualStudioVersion = 17.1.32421.90
MinimumVisualStudioVersion = 10.0.40219.1
Project("{9A19103F-16F7-4668-BE54-9A1E7A4F7556}") = "DemoConsole", "DemoConsole\DemoConsole.csproj", "{FDAA07B5-098F-49D0-92FF-421AFC51DE46}"
EndProject
Project("{9A19103F-16F7-4668-BE54-9A1E7A4F7556}") = "OOP", "OOP\OOP.csproj", "{BE4901C7-9F99-4877-9805-4E15BE49C896}"
EndProject
Global
	GlobalSection(SolutionConfigurationPlatforms) = preSolution
		Debug|Any CPU = Debug|Any CPU
		Release|Any CPU = Release|Any CPU
	EndGlobalSection
	GlobalSection(ProjectConfigurationPlatforms) = postSolution
		{FDAA07B5-098F-49D0-92FF-421AFC51DE46}.Debug|Any CPU.ActiveCfg = Debug|Any CPU
		{FDAA07B5-098F-49D0-92FF-421AFC51DE46}.Debug|Any CPU.Build.0 = Debug|Any CPU
		{FDAA07B5-098F-49D0-92FF-421AFC51DE46}.Release|Any CPU.ActiveCfg = Release|Any CPU
		{FDAA07B5-098F-49D0-92FF-421AFC51DE46}.Release|Any CPU.Build.0 = Release|Any CPU
		{BE4901C7-9F99-4877-9805-4E15BE49C896}.Debug|Any CPU.ActiveCfg = Debug|Any CPU
		{BE4901C7-9F99-4877-9805-4E15BE49C896}.Debug|Any CPU.Build.0 = Debug|Any CPU
		{BE4901C7-9F99-4877-9805-4E15BE49C896}.Release|Any CPU.ActiveCfg = Release|Any CPU
		{BE4901C7-9F99-4877-9805-4E15BE49C896}.Release|Any CPU.Build.0 = Release|Any CPU
	EndGlobalSection
	GlobalSection(SolutionProperties) = preSolution
		HideSolutionNode = FALSE
	EndGlobalSection
	GlobalSection(ExtensibilityGlobals) = postSolution
		SolutionGuid = {245C4852-A494-4A37-909A-B5C21B7A0612}
	EndGlobalSection
EndGlobal
